{
  "nodes": {
    "base16": {
      "inputs": {
        "fromYaml": "fromYaml"
      },
      "locked": {
        "lastModified": 1708890466,
        "narHash": "sha256-LlrC09LoPi8OPYOGPXegD72v+//VapgAqhbOFS3i8sc=",
        "owner": "SenchoPens",
        "repo": "base16.nix",
        "rev": "665b3c6748534eb766c777298721cece9453fdae",
        "type": "github"
      },
      "original": {
        "owner": "SenchoPens",
        "repo": "base16.nix",
        "type": "github"
      }
    },
    "base16-fish": {
      "flake": false,
      "locked": {
        "lastModified": 1622559957,
        "narHash": "sha256-PebymhVYbL8trDVVXxCvZgc0S5VxI7I1Hv4RMSquTpA=",
        "owner": "tomyun",
        "repo": "base16-fish",
        "rev": "2f6dd973a9075dabccd26f1cded09508180bf5fe",
        "type": "github"
      },
      "original": {
        "owner": "tomyun",
        "repo": "base16-fish",
        "type": "github"
      }
    },
    "base16-foot": {
      "flake": false,
      "locked": {
        "lastModified": 1696725948,
        "narHash": "sha256-65bz2bUL/yzZ1c8/GQASnoiGwaF8DczlxJtzik1c0AU=",
        "owner": "tinted-theming",
        "repo": "base16-foot",
        "rev": "eedbcfa30de0a4baa03e99f5e3ceb5535c2755ce",
        "type": "github"
      },
      "original": {
        "owner": "tinted-theming",
        "repo": "base16-foot",
        "type": "github"
      }
    },
    "base16-helix": {
      "flake": false,
      "locked": {
        "lastModified": 1696727917,
        "narHash": "sha256-FVrbPk+NtMra0jtlC5oxyNchbm8FosmvXIatkRbYy1g=",
        "owner": "tinted-theming",
        "repo": "base16-helix",
        "rev": "dbe1480d99fe80f08df7970e471fac24c05f2ddb",
        "type": "github"
      },
      "original": {
        "owner": "tinted-theming",
        "repo": "base16-helix",
        "type": "github"
      }
    },
    "base16-kitty": {
      "flake": false,
      "locked": {
        "lastModified": 1665001328,
        "narHash": "sha256-aRaizTYPpuWEcvoYE9U+YRX+Wsc8+iG0guQJbvxEdJY=",
        "owner": "kdrag0n",
        "repo": "base16-kitty",
        "rev": "06bb401fa9a0ffb84365905ffbb959ae5bf40805",
        "type": "github"
      },
      "original": {
        "owner": "kdrag0n",
        "repo": "base16-kitty",
        "type": "github"
      }
    },
    "base16-tmux": {
      "flake": false,
      "locked": {
        "lastModified": 1696725902,
        "narHash": "sha256-wDPg5elZPcQpu7Df0lI5O8Jv4A3T6jUQIVg63KDU+3Q=",
        "owner": "tinted-theming",
        "repo": "base16-tmux",
        "rev": "c02050bebb60dbb20cb433cd4d8ce668ecc11ba7",
        "type": "github"
      },
      "original": {
        "owner": "tinted-theming",
        "repo": "base16-tmux",
        "type": "github"
      }
    },
    "base16-vim": {
      "flake": false,
      "locked": {
        "lastModified": 1663659192,
        "narHash": "sha256-uJvaYYDMXvoo0fhBZUhN8WBXeJ87SRgof6GEK2efFT0=",
        "owner": "chriskempson",
        "repo": "base16-vim",
        "rev": "3be3cd82cd31acfcab9a41bad853d9c68d30478d",
        "type": "github"
      },
      "original": {
        "owner": "chriskempson",
        "repo": "base16-vim",
        "type": "github"
      }
    },
    "extest": {
      "inputs": {
        "fenix": "fenix",
        "flake-utils": "flake-utils",
        "nixpkgs": [
          "nixpkgs"
        ]
      },
      "locked": {
        "lastModified": 1715523935,
        "narHash": "sha256-UIBaZaJvjUrM/D25jTsUW3bWF9RVK3ZcMBjgV/uT43k=",
        "ref": "refs/heads/main",
        "rev": "28ed1fd2db9deb9c694c2736ff486c91873ea667",
        "revCount": 18,
        "type": "git",
        "url": "https://git.sr.ht/~nokogiri/extest"
      },
      "original": {
        "type": "git",
        "url": "https://git.sr.ht/~nokogiri/extest"
      }
    },
    "fenix": {
      "inputs": {
        "nixpkgs": [
          "extest",
          "nixpkgs"
        ],
        "rust-analyzer-src": "rust-analyzer-src"
      },
      "locked": {
        "lastModified": 1715322226,
        "narHash": "sha256-ezoe/FwfJpA7sskLoLP2iwfwkYnscEFCP6Vk5kPwh9k=",
        "owner": "nix-community",
        "repo": "fenix",
        "rev": "297c756ba6249d483c1dafe42378560458842173",
        "type": "github"
      },
      "original": {
        "owner": "nix-community",
        "repo": "fenix",
        "type": "github"
      }
    },
    "flake-compat": {
      "flake": false,
      "locked": {
        "lastModified": 1696426674,
        "narHash": "sha256-kvjfFW7WAETZlt09AgDn1MrtKzP7t90Vf7vypd3OL1U=",
        "owner": "edolstra",
        "repo": "flake-compat",
        "rev": "0f9255e01c2351cc7d116c072cb317785dd33b33",
        "type": "github"
      },
      "original": {
        "owner": "edolstra",
        "repo": "flake-compat",
        "type": "github"
      }
    },
    "flake-compat_2": {
      "flake": false,
      "locked": {
        "lastModified": 1673956053,
        "narHash": "sha256-4gtG9iQuiKITOjNQQeQIpoIB6b16fm+504Ch3sNKLd8=",
        "owner": "edolstra",
        "repo": "flake-compat",
        "rev": "35bb57c0c8d8b62bbfd284272c928ceb64ddbde9",
        "type": "github"
      },
      "original": {
        "owner": "edolstra",
        "repo": "flake-compat",
        "type": "github"
      }
    },
    "flake-utils": {
      "inputs": {
        "systems": "systems"
      },
      "locked": {
        "lastModified": 1710146030,
        "narHash": "sha256-SZ5L6eA7HJ/nmkzGG7/ISclqe6oZdOZTNoesiInkXPQ=",
        "owner": "numtide",
        "repo": "flake-utils",
        "rev": "b1d9ab70662946ef0850d488da1c9019f3a9752a",
        "type": "github"
      },
      "original": {
        "owner": "numtide",
        "repo": "flake-utils",
        "type": "github"
      }
    },
    "flake-utils_2": {
      "inputs": {
        "systems": "systems_7"
      },
      "locked": {
        "lastModified": 1710146030,
        "narHash": "sha256-SZ5L6eA7HJ/nmkzGG7/ISclqe6oZdOZTNoesiInkXPQ=",
        "owner": "numtide",
        "repo": "flake-utils",
        "rev": "b1d9ab70662946ef0850d488da1c9019f3a9752a",
        "type": "github"
      },
      "original": {
        "owner": "numtide",
        "repo": "flake-utils",
        "type": "github"
      }
    },
    "flake-utils_3": {
      "inputs": {
        "systems": "systems_8"
      },
      "locked": {
        "lastModified": 1685518550,
        "narHash": "sha256-o2d0KcvaXzTrPRIo0kOLV0/QXHhDQ5DTi+OxcjO8xqY=",
        "owner": "numtide",
        "repo": "flake-utils",
        "rev": "a1720a10a6cfe8234c0e93907ffe81be440f4cef",
        "type": "github"
      },
      "original": {
        "owner": "numtide",
        "repo": "flake-utils",
        "type": "github"
      }
    },
    "flake-utils_4": {
      "inputs": {
        "systems": "systems_9"
      },
      "locked": {
        "lastModified": 1705309234,
        "narHash": "sha256-uNRRNRKmJyCRC/8y1RqBkqWBLM034y4qN7EprSdmgyA=",
        "owner": "numtide",
        "repo": "flake-utils",
        "rev": "1ef2e671c3b0c19053962c07dbda38332dcebf26",
        "type": "github"
      },
      "original": {
        "owner": "numtide",
        "repo": "flake-utils",
        "type": "github"
      }
    },
    "flakey-profile": {
      "locked": {
        "lastModified": 1712898590,
        "narHash": "sha256-FhGIEU93VHAChKEXx905TSiPZKga69bWl1VB37FK//I=",
        "owner": "lf-",
        "repo": "flakey-profile",
        "rev": "243c903fd8eadc0f63d205665a92d4df91d42d9d",
        "type": "github"
      },
      "original": {
        "owner": "lf-",
        "repo": "flakey-profile",
        "type": "github"
      }
    },
    "freetype2": {
      "flake": false,
      "locked": {
        "lastModified": 1687587065,
        "narHash": "sha256-+Fh+/k+NWL5Ow9sDLtp8Cv/8rLNA1oByQQCIQS/bysY=",
        "owner": "wez",
        "repo": "freetype2",
        "rev": "e4586d960f339cf75e2e0b34aee30a0ed8353c0d",
        "type": "github"
      },
      "original": {
        "owner": "wez",
        "repo": "freetype2",
        "rev": "e4586d960f339cf75e2e0b34aee30a0ed8353c0d",
        "type": "github"
      }
    },
    "fromYaml": {
      "flake": false,
      "locked": {
        "lastModified": 1689549921,
        "narHash": "sha256-iX0pk/uB019TdBGlaJEWvBCfydT6sRq+eDcGPifVsCM=",
        "owner": "SenchoPens",
        "repo": "fromYaml",
        "rev": "11fbbbfb32e3289d3c631e0134a23854e7865c84",
        "type": "github"
      },
      "original": {
        "owner": "SenchoPens",
        "repo": "fromYaml",
        "type": "github"
      }
    },
    "gnome-shell": {
      "flake": false,
      "locked": {
        "lastModified": 1713702291,
        "narHash": "sha256-zYP1ehjtcV8fo+c+JFfkAqktZ384Y+y779fzmR9lQAU=",
        "owner": "GNOME",
        "repo": "gnome-shell",
        "rev": "0d0aadf013f78a7f7f1dc984d0d812971864b934",
        "type": "github"
      },
      "original": {
        "owner": "GNOME",
        "ref": "46.1",
        "repo": "gnome-shell",
        "type": "github"
      }
    },
    "hardware": {
      "locked": {
        "lastModified": 1716173274,
        "narHash": "sha256-FC21Bn4m6ctajMjiUof30awPBH/7WjD0M5yqrWepZbY=",
        "owner": "nixos",
        "repo": "nixos-hardware",
        "rev": "d9e0b26202fd500cf3e79f73653cce7f7d541191",
        "type": "github"
      },
      "original": {
        "owner": "nixos",
        "repo": "nixos-hardware",
        "type": "github"
      }
    },
    "harfbuzz": {
      "flake": false,
      "locked": {
        "lastModified": 1711722720,
        "narHash": "sha256-GdxcAPx5QyniSHPAN1ih28AD9JLUPR0ItqW9JEsl3pU=",
        "owner": "harfbuzz",
        "repo": "harfbuzz",
        "rev": "63973005bc07aba599b47fdd4cf788647b601ccd",
        "type": "github"
      },
      "original": {
        "owner": "harfbuzz",
        "ref": "8.4.0",
        "repo": "harfbuzz",
        "type": "github"
      }
    },
    "home-manager": {
      "inputs": {
        "nixpkgs": [
          "nixpkgs"
        ]
      },
      "locked": {
        "lastModified": 1716457508,
        "narHash": "sha256-ZxzffLuWRyuMrkVVq7wastNUqeO0HJL9xqfY1QsYaqo=",
        "owner": "nix-community",
        "repo": "home-manager",
        "rev": "850cb322046ef1a268449cf1ceda5fd24d930b05",
        "type": "github"
      },
      "original": {
        "owner": "nix-community",
        "repo": "home-manager",
        "type": "github"
      }
    },
    "home-manager_2": {
      "inputs": {
        "nixpkgs": [
          "stylix",
          "nixpkgs"
        ]
      },
      "locked": {
        "lastModified": 1714981474,
        "narHash": "sha256-b3/U21CJjCjJKmA9WqUbZGZgCvospO3ArOUTgJugkOY=",
        "owner": "nix-community",
        "repo": "home-manager",
        "rev": "6ebe7be2e67be7b9b54d61ce5704f6fb466c536f",
        "type": "github"
      },
      "original": {
        "owner": "nix-community",
        "repo": "home-manager",
        "type": "github"
      }
    },
    "hyprcursor": {
      "inputs": {
        "hyprlang": [
          "hyprland",
          "hyprlang"
        ],
        "nixpkgs": [
          "hyprland",
          "nixpkgs"
        ],
        "systems": [
          "hyprland",
          "systems"
        ]
      },
      "locked": {
        "lastModified": 1716576411,
        "narHash": "sha256-FIN1wMoyePBTtibCbaeJaoKNLuAYIGwLCWAYC1DJanw=",
        "owner": "hyprwm",
        "repo": "hyprcursor",
        "rev": "57298fc4f13c807e50ada2c986a3114b7fc2e621",
        "type": "github"
      },
      "original": {
        "owner": "hyprwm",
        "repo": "hyprcursor",
        "type": "github"
      }
    },
    "hypridle": {
      "inputs": {
        "hyprlang": "hyprlang",
        "nixpkgs": [
          "nixpkgs"
        ],
        "systems": "systems_3"
      },
      "locked": {
        "lastModified": 1716309977,
        "narHash": "sha256-4jDQIcMDSFOOMBxVTEiC6Ck1vdc0kAFvv+StxnnE59Q=",
        "owner": "hyprwm",
        "repo": "hypridle",
        "rev": "cb169c4e06cec9b4349e3668427e729d22328a54",
        "type": "github"
      },
      "original": {
        "owner": "hyprwm",
        "repo": "hypridle",
        "type": "github"
      }
    },
    "hyprland": {
      "inputs": {
        "hyprcursor": "hyprcursor",
        "hyprlang": "hyprlang_2",
        "hyprwayland-scanner": "hyprwayland-scanner",
        "nixpkgs": [
          "nixpkgs"
        ],
        "systems": "systems_4",
        "xdph": "xdph"
      },
      "locked": {
        "lastModified": 1716583868,
        "narHash": "sha256-ob6ep5LY0RxjdKYROYKcAxAutT02x1Kgbt/QPZErs7E=",
        "owner": "hyprwm",
        "repo": "Hyprland",
        "rev": "2ff95bba3fec58b9f1a127fe72dda84b1420a7af",
        "type": "github"
      },
      "original": {
        "owner": "hyprwm",
        "repo": "Hyprland",
        "type": "github"
      }
    },
    "hyprland-contrib": {
      "inputs": {
        "nixpkgs": "nixpkgs"
      },
      "locked": {
        "lastModified": 1716228712,
        "narHash": "sha256-y+LOXuSRMfkR2Vfwl5K2NVrszi1h5MJpML+msLnVS8U=",
        "owner": "hyprwm",
        "repo": "contrib",
        "rev": "33b38358559054d316eb605ccb733980dfa7dc63",
        "type": "github"
      },
      "original": {
        "owner": "hyprwm",
        "repo": "contrib",
        "type": "github"
      }
    },
    "hyprland-protocols": {
      "inputs": {
        "nixpkgs": [
          "hyprland",
          "xdph",
          "nixpkgs"
        ],
        "systems": [
          "hyprland",
          "xdph",
          "systems"
        ]
      },
      "locked": {
        "lastModified": 1691753796,
        "narHash": "sha256-zOEwiWoXk3j3+EoF3ySUJmberFewWlagvewDRuWYAso=",
        "owner": "hyprwm",
        "repo": "hyprland-protocols",
        "rev": "0c2ce70625cb30aef199cb388f99e19a61a6ce03",
        "type": "github"
      },
      "original": {
        "owner": "hyprwm",
        "repo": "hyprland-protocols",
        "type": "github"
      }
    },
    "hyprlang": {
      "inputs": {
        "nixpkgs": [
          "hypridle",
          "nixpkgs"
        ],
        "systems": "systems_2"
      },
      "locked": {
        "lastModified": 1713121246,
        "narHash": "sha256-502X0Q0fhN6tJK7iEUA8CghONKSatW/Mqj4Wappd++0=",
        "owner": "hyprwm",
        "repo": "hyprlang",
        "rev": "78fcaa27ae9e1d782faa3ff06c8ea55ddce63706",
        "type": "github"
      },
      "original": {
        "owner": "hyprwm",
        "repo": "hyprlang",
        "type": "github"
      }
    },
    "hyprlang_2": {
      "inputs": {
        "nixpkgs": [
          "hyprland",
          "nixpkgs"
        ],
        "systems": [
          "hyprland",
          "systems"
        ]
      },
      "locked": {
        "lastModified": 1716473782,
        "narHash": "sha256-+qLn4lsHU6iL3+HTo1gTQ1tWzet8K9h+IfVemzEQZj8=",
        "owner": "hyprwm",
        "repo": "hyprlang",
        "rev": "87d5d984109c839482b88b4795db073eb9ed446f",
        "type": "github"
      },
      "original": {
        "owner": "hyprwm",
        "repo": "hyprlang",
        "type": "github"
      }
    },
    "hyprlang_3": {
      "inputs": {
        "nixpkgs": [
          "hyprlock",
          "nixpkgs"
        ],
        "systems": "systems_5"
      },
      "locked": {
        "lastModified": 1713121246,
        "narHash": "sha256-502X0Q0fhN6tJK7iEUA8CghONKSatW/Mqj4Wappd++0=",
        "owner": "hyprwm",
        "repo": "hyprlang",
        "rev": "78fcaa27ae9e1d782faa3ff06c8ea55ddce63706",
        "type": "github"
      },
      "original": {
        "owner": "hyprwm",
        "repo": "hyprlang",
        "type": "github"
      }
    },
    "hyprlock": {
      "inputs": {
        "hyprlang": "hyprlang_3",
        "nixpkgs": [
          "nixpkgs"
        ],
        "systems": "systems_6"
      },
      "locked": {
        "lastModified": 1716660337,
        "narHash": "sha256-RFu231c1uaCTmjwvzsV7wA5fNq/d4OhKFc+2/25ReRE=",
        "owner": "hyprwm",
        "repo": "hyprlock",
        "rev": "58c93d8de886e06f57875fc651d60e2dcfc32989",
        "type": "github"
      },
      "original": {
        "owner": "hyprwm",
        "repo": "hyprlock",
        "type": "github"
      }
    },
    "hyprwayland-scanner": {
      "inputs": {
        "nixpkgs": [
          "hyprland",
          "nixpkgs"
        ],
        "systems": [
          "hyprland",
          "systems"
        ]
      },
      "locked": {
        "lastModified": 1716058375,
        "narHash": "sha256-CwjWoVnBZE5SBpRx9dgSQGCr4Goxyfcyv3zZbOhVqzk=",
        "owner": "hyprwm",
        "repo": "hyprwayland-scanner",
        "rev": "3afed4364790aebe0426077631af1e164a9650cc",
        "type": "github"
      },
      "original": {
        "owner": "hyprwm",
        "repo": "hyprwayland-scanner",
        "type": "github"
      }
    },
    "libpng": {
      "flake": false,
      "locked": {
        "lastModified": 1549245649,
        "narHash": "sha256-1+cRp0Ungme/OGfc9kGJbklYIWAFxk8Il1M+NV4KSgw=",
        "owner": "glennrp",
        "repo": "libpng",
        "rev": "8439534daa1d3a5705ba92e653eda9251246dd61",
        "type": "github"
      },
      "original": {
        "owner": "glennrp",
        "repo": "libpng",
        "rev": "8439534daa1d3a5705ba92e653eda9251246dd61",
        "type": "github"
      }
    },
    "lix": {
      "inputs": {
        "flake-compat": "flake-compat",
        "nixpkgs": "nixpkgs_2",
        "nixpkgs-regression": "nixpkgs-regression",
        "pre-commit-hooks": "pre-commit-hooks"
      },
      "locked": {
        "lastModified": 1714955862,
        "narHash": "sha256-REWlo2RYHfJkxnmZTEJu3Cd/2VM+wjjpPy7Xi4BdDTQ=",
        "ref": "refs/tags/2.90-beta.1",
        "rev": "b6799ab0374a8e1907a48915d3187e07da41d88c",
        "revCount": 15501,
        "type": "git",
        "url": "https://git@git.lix.systems/lix-project/lix"
      },
      "original": {
        "ref": "refs/tags/2.90-beta.1",
        "type": "git",
        "url": "https://git@git.lix.systems/lix-project/lix"
      }
    },
    "lix-module": {
      "inputs": {
        "flake-utils": "flake-utils_2",
        "flakey-profile": "flakey-profile",
        "lix": [
          "lix"
        ],
        "nixpkgs": [
          "nixpkgs"
        ]
      },
      "locked": {
        "lastModified": 1716506851,
        "narHash": "sha256-fzY708SyfHwLOFrg5ZU0fXW9mNdvRvqz64jg97vvpJM=",
        "ref": "refs/heads/main",
        "rev": "18fa4a89e208cb8e881f5f71c75bbd4c1c2fd37d",
        "revCount": 83,
        "type": "git",
        "url": "https://git.lix.systems/lix-project/nixos-module"
      },
      "original": {
        "type": "git",
        "url": "https://git.lix.systems/lix-project/nixos-module"
      }
    },
    "nix-index-database": {
      "inputs": {
        "nixpkgs": [
          "nixpkgs"
        ]
      },
      "locked": {
        "lastModified": 1716170277,
        "narHash": "sha256-fCAiox/TuzWGVaAz16PxrR4Jtf9lN5dwWL2W74DS0yI=",
        "owner": "Mic92",
        "repo": "nix-index-database",
        "rev": "e0638db3db43b582512a7de8c0f8363a162842b9",
        "type": "github"
      },
      "original": {
        "owner": "Mic92",
        "repo": "nix-index-database",
        "type": "github"
      }
    },
    "nixpkgs": {
      "locked": {
        "lastModified": 1712163089,
        "narHash": "sha256-Um+8kTIrC19vD4/lUCN9/cU9kcOsD1O1m+axJqQPyMM=",
        "owner": "NixOS",
        "repo": "nixpkgs",
        "rev": "fd281bd6b7d3e32ddfa399853946f782553163b5",
        "type": "github"
      },
      "original": {
        "owner": "NixOS",
        "ref": "nixos-unstable",
        "repo": "nixpkgs",
        "type": "github"
      }
    },
    "nixpkgs-master": {
      "locked": {
        "lastModified": 1716660083,
        "narHash": "sha256-QO7cdjtDhx72KEw6m0NOtuE5FS4asaRExZ65uFR/q8g=",
        "owner": "nixos",
        "repo": "nixpkgs",
        "rev": "6de51d98ec2ae46730f11845e221aab9d2470a8a",
        "type": "github"
      },
      "original": {
        "owner": "nixos",
        "ref": "master",
        "repo": "nixpkgs",
        "type": "github"
      }
    },
    "nixpkgs-regression": {
      "locked": {
        "lastModified": 1643052045,
        "narHash": "sha256-uGJ0VXIhWKGXxkeNnq4TvV3CIOkUJ3PAoLZ3HMzNVMw=",
        "owner": "NixOS",
        "repo": "nixpkgs",
        "rev": "215d4d0fd80ca5163643b03a33fde804a29cc1e2",
        "type": "github"
      },
      "original": {
        "owner": "NixOS",
        "repo": "nixpkgs",
        "rev": "215d4d0fd80ca5163643b03a33fde804a29cc1e2",
        "type": "github"
      }
    },
    "nixpkgs-stable": {
      "locked": {
        "lastModified": 1716061101,
        "narHash": "sha256-H0eCta7ahEgloGIwE/ihkyGstOGu+kQwAiHvwVoXaA0=",
        "owner": "NixOS",
        "repo": "nixpkgs",
        "rev": "e7cc61784ddf51c81487637b3031a6dd2d6673a2",
        "type": "github"
      },
      "original": {
        "owner": "NixOS",
        "ref": "release-23.11",
        "repo": "nixpkgs",
        "type": "github"
      }
    },
    "nixpkgs_2": {
      "locked": {
        "lastModified": 1711481231,
        "narHash": "sha256-J/fW3Xhm3WsJPNd8ksZmfMnol5aOG2qEMDPbOnNNdTQ=",
        "owner": "NixOS",
        "repo": "nixpkgs",
        "rev": "9d6ddb13cee3cc1192e4430277708c732685f38a",
        "type": "github"
      },
      "original": {
        "owner": "NixOS",
        "ref": "nixos-23.11-small",
        "repo": "nixpkgs",
        "type": "github"
      }
    },
    "nixpkgs_3": {
      "locked": {
        "lastModified": 1716509168,
        "narHash": "sha256-4zSIhSRRIoEBwjbPm3YiGtbd8HDWzFxJjw5DYSDy1n8=",
        "owner": "nixos",
        "repo": "nixpkgs",
        "rev": "bfb7a882678e518398ce9a31a881538679f6f092",
        "type": "github"
      },
      "original": {
        "owner": "nixos",
        "ref": "nixos-unstable",
        "repo": "nixpkgs",
        "type": "github"
      }
    },
    "nixpkgs_4": {
      "locked": {
        "lastModified": 1686020360,
        "narHash": "sha256-Wee7lIlZ6DIZHHLiNxU5KdYZQl0iprENXa/czzI6Cj4=",
        "owner": "NixOS",
        "repo": "nixpkgs",
        "rev": "4729ffac6fd12e26e5a8de002781ffc49b0e94b7",
        "type": "github"
      },
      "original": {
        "owner": "NixOS",
        "ref": "nixos-unstable",
        "repo": "nixpkgs",
        "type": "github"
      }
    },
    "nixpkgs_5": {
      "locked": {
        "lastModified": 1714912032,
        "narHash": "sha256-clkcOIkg8G4xuJh+1onLG4HPMpbtzdLv4rHxFzgsH9c=",
        "owner": "NixOS",
        "repo": "nixpkgs",
        "rev": "ee4a6e0f566fe5ec79968c57a9c2c3c25f2cf41d",
        "type": "github"
      },
      "original": {
        "owner": "NixOS",
        "ref": "nixpkgs-unstable",
        "repo": "nixpkgs",
        "type": "github"
      }
    },
    "nur": {
      "locked": {
        "lastModified": 1716655037,
        "narHash": "sha256-z3v6jGCx3A1/H9hz5mlPOjGJ1ONgVSQBB37y7lmgwXE=",
        "owner": "nix-community",
        "repo": "NUR",
        "rev": "17144726caa4a8ca2897d0fbeb04cee0c7f39253",
        "type": "github"
      },
      "original": {
        "owner": "nix-community",
        "repo": "NUR",
        "type": "github"
      }
    },
    "pre-commit-hooks": {
      "flake": false,
      "locked": {
        "lastModified": 1712055707,
        "narHash": "sha256-4XLvuSIDZJGS17xEwSrNuJLL7UjDYKGJSbK1WWX2AK8=",
        "owner": "cachix",
        "repo": "git-hooks.nix",
        "rev": "e35aed5fda3cc79f88ed7f1795021e559582093a",
        "type": "github"
      },
      "original": {
        "owner": "cachix",
        "repo": "git-hooks.nix",
        "type": "github"
      }
    },
    "root": {
      "inputs": {
        "extest": "extest",
        "hardware": "hardware",
        "home-manager": "home-manager",
        "hypridle": "hypridle",
        "hyprland": "hyprland",
        "hyprland-contrib": "hyprland-contrib",
        "hyprlock": "hyprlock",
        "lix": "lix",
        "lix-module": "lix-module",
        "nix-index-database": "nix-index-database",
        "nixpkgs": "nixpkgs_3",
        "nixpkgs-master": "nixpkgs-master",
        "nur": "nur",
        "sops-nix": "sops-nix",
        "spicetify-nix": "spicetify-nix",
        "stylix": "stylix",
        "wezterm": "wezterm"
      }
    },
    "rust-analyzer-src": {
      "flake": false,
      "locked": {
        "lastModified": 1715255944,
        "narHash": "sha256-vLLgYpdtKBaGYTamNLg1rbRo1bPXp4Jgded/gnprPVw=",
        "owner": "rust-lang",
        "repo": "rust-analyzer",
        "rev": "5bf2f85c8054d80424899fa581db1b192230efb5",
        "type": "github"
      },
      "original": {
        "owner": "rust-lang",
        "ref": "nightly",
        "repo": "rust-analyzer",
        "type": "github"
      }
    },
    "rust-overlay": {
      "inputs": {
        "flake-utils": [
          "wezterm",
          "flake-utils"
        ],
        "nixpkgs": [
          "wezterm",
          "nixpkgs"
        ]
      },
      "locked": {
        "lastModified": 1705457855,
        "narHash": "sha256-5cCHQtP/PEHK1YNTQyZN9v8ehpLTjc723ZSKAP3Tva8=",
        "owner": "oxalica",
        "repo": "rust-overlay",
        "rev": "a854609265af0e9f48c92e497679edf8fab9e690",
        "type": "github"
      },
      "original": {
        "owner": "oxalica",
        "repo": "rust-overlay",
        "type": "github"
      }
    },
    "sops-nix": {
      "inputs": {
        "nixpkgs": [
          "nixpkgs"
        ],
        "nixpkgs-stable": "nixpkgs-stable"
      },
      "locked": {
        "lastModified": 1716400300,
        "narHash": "sha256-0lMkIk9h3AzOHs1dCL9RXvvN4PM8VBKb+cyGsqOKa4c=",
        "owner": "mic92",
        "repo": "sops-nix",
        "rev": "b549832718b8946e875c016a4785d204fcfc2e53",
        "type": "github"
      },
      "original": {
        "owner": "mic92",
        "repo": "sops-nix",
        "type": "github"
      }
    },
    "spicetify-nix": {
      "inputs": {
        "flake-utils": "flake-utils_3",
        "nixpkgs": "nixpkgs_4"
      },
      "locked": {
        "lastModified": 1704167711,
        "narHash": "sha256-kFDq+kf/Di/P8bq5sUP8pVwRkrSVrABksBjMPmLic3s=",
        "owner": "the-argus",
        "repo": "spicetify-nix",
        "rev": "1325416f951d6a82cfddb1289864ad782e2b87c4",
        "type": "github"
      },
      "original": {
        "owner": "the-argus",
        "repo": "spicetify-nix",
        "type": "github"
      }
    },
    "stylix": {
      "inputs": {
        "base16": "base16",
        "base16-fish": "base16-fish",
        "base16-foot": "base16-foot",
        "base16-helix": "base16-helix",
        "base16-kitty": "base16-kitty",
        "base16-tmux": "base16-tmux",
        "base16-vim": "base16-vim",
        "flake-compat": "flake-compat_2",
        "gnome-shell": "gnome-shell",
        "home-manager": "home-manager_2",
        "nixpkgs": "nixpkgs_5"
      },
      "locked": {
        "lastModified": 1716456264,
        "narHash": "sha256-s9Tyj5pEivl/AsvrpkUkfR1Iu3zHfXpviPfe4HbPJ5I=",
        "owner": "danth",
        "repo": "stylix",
        "rev": "290c8aef476ce98fff9cefc059284429d561a085",
        "type": "github"
      },
      "original": {
        "owner": "danth",
        "repo": "stylix",
        "type": "github"
      }
    },
    "systems": {
      "locked": {
        "lastModified": 1681028828,
        "narHash": "sha256-Vy1rq5AaRuLzOxct8nz4T6wlgyUR7zLU309k9mBC768=",
        "owner": "nix-systems",
        "repo": "default",
        "rev": "da67096a3b9bf56a91d16901293e51ba5b49a27e",
        "type": "github"
      },
      "original": {
        "owner": "nix-systems",
        "repo": "default",
        "type": "github"
      }
    },
    "systems_2": {
      "locked": {
        "lastModified": 1689347949,
        "narHash": "sha256-12tWmuL2zgBgZkdoB6qXZsgJEH9LR3oUgpaQq2RbI80=",
        "owner": "nix-systems",
        "repo": "default-linux",
        "rev": "31732fcf5e8fea42e59c2488ad31a0e651500f68",
        "type": "github"
      },
      "original": {
        "owner": "nix-systems",
        "repo": "default-linux",
        "type": "github"
      }
    },
    "systems_3": {
      "locked": {
        "lastModified": 1689347949,
        "narHash": "sha256-12tWmuL2zgBgZkdoB6qXZsgJEH9LR3oUgpaQq2RbI80=",
        "owner": "nix-systems",
        "repo": "default-linux",
        "rev": "31732fcf5e8fea42e59c2488ad31a0e651500f68",
        "type": "github"
      },
      "original": {
        "owner": "nix-systems",
        "repo": "default-linux",
        "type": "github"
      }
    },
    "systems_4": {
      "locked": {
        "lastModified": 1689347949,
        "narHash": "sha256-12tWmuL2zgBgZkdoB6qXZsgJEH9LR3oUgpaQq2RbI80=",
        "owner": "nix-systems",
        "repo": "default-linux",
        "rev": "31732fcf5e8fea42e59c2488ad31a0e651500f68",
        "type": "github"
      },
      "original": {
        "owner": "nix-systems",
        "repo": "default-linux",
        "type": "github"
      }
    },
    "systems_5": {
      "locked": {
        "lastModified": 1689347949,
        "narHash": "sha256-12tWmuL2zgBgZkdoB6qXZsgJEH9LR3oUgpaQq2RbI80=",
        "owner": "nix-systems",
        "repo": "default-linux",
        "rev": "31732fcf5e8fea42e59c2488ad31a0e651500f68",
        "type": "github"
      },
      "original": {
        "owner": "nix-systems",
        "repo": "default-linux",
        "type": "github"
      }
    },
    "systems_6": {
      "locked": {
        "lastModified": 1689347949,
        "narHash": "sha256-12tWmuL2zgBgZkdoB6qXZsgJEH9LR3oUgpaQq2RbI80=",
        "owner": "nix-systems",
        "repo": "default-linux",
        "rev": "31732fcf5e8fea42e59c2488ad31a0e651500f68",
        "type": "github"
      },
      "original": {
        "owner": "nix-systems",
        "repo": "default-linux",
        "type": "github"
      }
    },
    "systems_7": {
      "locked": {
        "lastModified": 1681028828,
        "narHash": "sha256-Vy1rq5AaRuLzOxct8nz4T6wlgyUR7zLU309k9mBC768=",
        "owner": "nix-systems",
        "repo": "default",
        "rev": "da67096a3b9bf56a91d16901293e51ba5b49a27e",
        "type": "github"
      },
      "original": {
        "owner": "nix-systems",
        "repo": "default",
        "type": "github"
      }
    },
    "systems_8": {
      "locked": {
        "lastModified": 1681028828,
        "narHash": "sha256-Vy1rq5AaRuLzOxct8nz4T6wlgyUR7zLU309k9mBC768=",
        "owner": "nix-systems",
        "repo": "default",
        "rev": "da67096a3b9bf56a91d16901293e51ba5b49a27e",
        "type": "github"
      },
      "original": {
        "owner": "nix-systems",
        "repo": "default",
        "type": "github"
      }
    },
    "systems_9": {
      "locked": {
        "lastModified": 1681028828,
        "narHash": "sha256-Vy1rq5AaRuLzOxct8nz4T6wlgyUR7zLU309k9mBC768=",
        "owner": "nix-systems",
        "repo": "default",
        "rev": "da67096a3b9bf56a91d16901293e51ba5b49a27e",
        "type": "github"
      },
      "original": {
        "owner": "nix-systems",
        "repo": "default",
        "type": "github"
      }
    },
    "wezterm": {
      "inputs": {
        "flake-utils": "flake-utils_4",
        "freetype2": "freetype2",
        "harfbuzz": "harfbuzz",
        "libpng": "libpng",
        "nixpkgs": [
          "nixpkgs"
        ],
        "rust-overlay": "rust-overlay",
        "zlib": "zlib"
      },
      "locked": {
        "dir": "nix",
        "lastModified": 1716238628,
        "narHash": "sha256-FgwL07e3rsZVagpveCEDqxlUk4GS1uNq2ysvAZUmbLw=",
        "owner": "wez",
        "repo": "wezterm",
        "rev": "b8f94c474ce48ac195b51c1aeacf41ae049b774e",
        "type": "github"
      },
      "original": {
        "dir": "nix",
        "owner": "wez",
        "repo": "wezterm",
        "type": "github"
      }
    },
    "xdph": {
      "inputs": {
        "hyprland-protocols": "hyprland-protocols",
        "hyprlang": [
          "hyprland",
          "hyprlang"
        ],
        "nixpkgs": [
          "hyprland",
          "nixpkgs"
        ],
        "systems": [
          "hyprland",
          "systems"
        ]
      },
      "locked": {
        "lastModified": 1716290197,
        "narHash": "sha256-1u9Exrc7yx9qtES2brDh7/DDZ8w8ap1nboIOAtCgeuM=",
        "owner": "hyprwm",
        "repo": "xdg-desktop-portal-hyprland",
        "rev": "91e48d6acd8a5a611d26f925e51559ab743bc438",
        "type": "github"
      },
      "original": {
        "owner": "hyprwm",
        "repo": "xdg-desktop-portal-hyprland",
        "type": "github"
      }
    },
    "zlib": {
      "flake": false,
      "locked": {
        "lastModified": 1484501380,
        "narHash": "sha256-j5b6aki1ztrzfCqu8y729sPar8GpyQWIrajdzpJC+ww=",
        "owner": "madler",
        "repo": "zlib",
        "rev": "cacf7f1d4e3d44d871b605da3b647f07d718623f",
        "type": "github"
      },
      "original": {
        "owner": "madler",
        "ref": "v1.2.11",
        "repo": "zlib",
        "type": "github"
      }
    }
  },
  "root": "root",
  "version": 7
}
